
Microsoft Visual Studio Solution File, Format Version 12.00
# Visual Studio 14
VisualStudioVersion = 14.0.25420.1
MinimumVisualStudioVersion = 10.0.40219.1
Project("{2150E333-8FDC-42A3-9474-1A3956D46DE8}") = "Presentation", "Presentation", "{8232FE10-A45E-46B6-ABA4-B797D4B91BEA}"
EndProject
Project("{2150E333-8FDC-42A3-9474-1A3956D46DE8}") = "Services", "Services", "{C5D42C77-C889-42A5-A083-0AE6A5FAD6B7}"
EndProject
Project("{2150E333-8FDC-42A3-9474-1A3956D46DE8}") = "Application", "Application", "{67650001-D8A3-47D1-83B6-D80BFA296069}"
EndProject
Project("{2150E333-8FDC-42A3-9474-1A3956D46DE8}") = "Domain", "Domain", "{295D6B24-2789-4247-9ED7-7469239945BD}"
EndProject
Project("{2150E333-8FDC-42A3-9474-1A3956D46DE8}") = "Infrastructure", "Infrastructure", "{42B18C2B-5E4C-4A40-BFB8-D06642DED64D}"
EndProject
Project("{FAE04EC0-301F-11D3-BF4B-00C04F79EFBC}") = "GamerBacklog.MVC", "GamerBacklog.MVC\GamerBacklog.MVC.csproj", "{9142CE0F-AC5C-427B-B535-CBA936F7C956}"
EndProject
Project("{FAE04EC0-301F-11D3-BF4B-00C04F79EFBC}") = "GamerBacklog.Domain", "GamerBacklog.Domain\GamerBacklog.Domain.csproj", "{35EF7E9F-2A87-4B1C-9DD4-CF5B2EE3D85D}"
EndProject
Project("{2150E333-8FDC-42A3-9474-1A3956D46DE8}") = "Data", "Data", "{A2B8A664-5FC8-42F4-998D-336B7546916A}"
EndProject
Project("{FAE04EC0-301F-11D3-BF4B-00C04F79EFBC}") = "GamerBacklog.Infrastructure.Data", "GamerBacklog.Infrastructure.Data\GamerBacklog.Infrastructure.Data.csproj", "{CF0A7243-AE7F-453F-AC11-9128C5BAAFFD}"
EndProject
Global
	GlobalSection(SolutionConfigurationPlatforms) = preSolution
		Debug|Any CPU = Debug|Any CPU
		Release|Any CPU = Release|Any CPU
	EndGlobalSection
	GlobalSection(ProjectConfigurationPlatforms) = postSolution
		{9142CE0F-AC5C-427B-B535-CBA936F7C956}.Debug|Any CPU.ActiveCfg = Debug|Any CPU
		{9142CE0F-AC5C-427B-B535-CBA936F7C956}.Debug|Any CPU.Build.0 = Debug|Any CPU
		{9142CE0F-AC5C-427B-B535-CBA936F7C956}.Release|Any CPU.ActiveCfg = Release|Any CPU
		{9142CE0F-AC5C-427B-B535-CBA936F7C956}.Release|Any CPU.Build.0 = Release|Any CPU
		{35EF7E9F-2A87-4B1C-9DD4-CF5B2EE3D85D}.Debug|Any CPU.ActiveCfg = Debug|Any CPU
		{35EF7E9F-2A87-4B1C-9DD4-CF5B2EE3D85D}.Debug|Any CPU.Build.0 = Debug|Any CPU
		{35EF7E9F-2A87-4B1C-9DD4-CF5B2EE3D85D}.Release|Any CPU.ActiveCfg = Release|Any CPU
		{35EF7E9F-2A87-4B1C-9DD4-CF5B2EE3D85D}.Release|Any CPU.Build.0 = Release|Any CPU
		{CF0A7243-AE7F-453F-AC11-9128C5BAAFFD}.Debug|Any CPU.ActiveCfg = Debug|Any CPU
		{CF0A7243-AE7F-453F-AC11-9128C5BAAFFD}.Debug|Any CPU.Build.0 = Debug|Any CPU
		{CF0A7243-AE7F-453F-AC11-9128C5BAAFFD}.Release|Any CPU.ActiveCfg = Release|Any CPU
		{CF0A7243-AE7F-453F-AC11-9128C5BAAFFD}.Release|Any CPU.Build.0 = Release|Any CPU
	EndGlobalSection
	GlobalSection(SolutionProperties) = preSolution
		HideSolutionNode = FALSE
	EndGlobalSection
	GlobalSection(NestedProjects) = preSolution
		{9142CE0F-AC5C-427B-B535-CBA936F7C956} = {8232FE10-A45E-46B6-ABA4-B797D4B91BEA}
		{35EF7E9F-2A87-4B1C-9DD4-CF5B2EE3D85D} = {295D6B24-2789-4247-9ED7-7469239945BD}
		{A2B8A664-5FC8-42F4-998D-336B7546916A} = {42B18C2B-5E4C-4A40-BFB8-D06642DED64D}
		{CF0A7243-AE7F-453F-AC11-9128C5BAAFFD} = {A2B8A664-5FC8-42F4-998D-336B7546916A}
	EndGlobalSection
EndGlobal
